
Microsoft Visual Studio Solution File, Format Version 12.00
# Visual Studio Express 2013 for Windows Desktop
VisualStudioVersion = 12.0.21005.1
MinimumVisualStudioVersion = 10.0.40219.1
Project("{8BC9CEB8-8B4A-11D0-8D11-00A0C91BC942}") = "sdlengine", "sdlengine.vcxproj", "{20A2FF29-5747-4D9F-AF36-8E18CED39727}"
EndProject
Project("{8BC9CEB8-8B4A-11D0-8D11-00A0C91BC942}") = "kernel", "engine\kernel.vcxproj", "{03FFCECD-38F1-48C3-BE2B-5CFC42C34A8F}"
EndProject
Project("{8BC9CEB8-8B4A-11D0-8D11-00A0C91BC942}") = "core", "engine\core.vcxproj", "{D4656B9A-CF28-4719-B307-BA4FD577293B}"
EndProject
Project("{8BC9CEB8-8B4A-11D0-8D11-00A0C91BC942}") = "engine", "engine\engine.vcxproj", "{C9BE37AF-362D-43A6-9151-72EE5390EAE4}"
EndProject
Project("{8BC9CEB8-8B4A-11D0-8D11-00A0C91BC942}") = "render", "engine\render.vcxproj", "{492E3253-7F98-4F62-92AB-2C6F92CB2B27}"
EndProject
Project("{8BC9CEB8-8B4A-11D0-8D11-00A0C91BC942}") = "math", "engine\math.vcxproj", "{45777579-8F61-4869-ACC0-A990F625944F}"
EndProject
Global
	GlobalSection(SolutionConfigurationPlatforms) = preSolution
		Debug|Win32 = Debug|Win32
		Release|Win32 = Release|Win32
	EndGlobalSection
	GlobalSection(ProjectConfigurationPlatforms) = postSolution
		{20A2FF29-5747-4D9F-AF36-8E18CED39727}.Debug|Win32.ActiveCfg = Debug|Win32
		{20A2FF29-5747-4D9F-AF36-8E18CED39727}.Debug|Win32.Build.0 = Debug|Win32
		{20A2FF29-5747-4D9F-AF36-8E18CED39727}.Release|Win32.ActiveCfg = Release|Win32
		{20A2FF29-5747-4D9F-AF36-8E18CED39727}.Release|Win32.Build.0 = Release|Win32
		{03FFCECD-38F1-48C3-BE2B-5CFC42C34A8F}.Debug|Win32.ActiveCfg = Debug|Win32
		{03FFCECD-38F1-48C3-BE2B-5CFC42C34A8F}.Debug|Win32.Build.0 = Debug|Win32
		{03FFCECD-38F1-48C3-BE2B-5CFC42C34A8F}.Release|Win32.ActiveCfg = Release|Win32
		{03FFCECD-38F1-48C3-BE2B-5CFC42C34A8F}.Release|Win32.Build.0 = Release|Win32
		{D4656B9A-CF28-4719-B307-BA4FD577293B}.Debug|Win32.ActiveCfg = Debug|Win32
		{D4656B9A-CF28-4719-B307-BA4FD577293B}.Debug|Win32.Build.0 = Debug|Win32
		{D4656B9A-CF28-4719-B307-BA4FD577293B}.Release|Win32.ActiveCfg = Release|Win32
		{D4656B9A-CF28-4719-B307-BA4FD577293B}.Release|Win32.Build.0 = Release|Win32
		{C9BE37AF-362D-43A6-9151-72EE5390EAE4}.Debug|Win32.ActiveCfg = Debug|Win32
		{C9BE37AF-362D-43A6-9151-72EE5390EAE4}.Debug|Win32.Build.0 = Debug|Win32
		{C9BE37AF-362D-43A6-9151-72EE5390EAE4}.Release|Win32.ActiveCfg = Release|Win32
		{C9BE37AF-362D-43A6-9151-72EE5390EAE4}.Release|Win32.Build.0 = Release|Win32
		{492E3253-7F98-4F62-92AB-2C6F92CB2B27}.Debug|Win32.ActiveCfg = Debug|Win32
		{492E3253-7F98-4F62-92AB-2C6F92CB2B27}.Debug|Win32.Build.0 = Debug|Win32
		{492E3253-7F98-4F62-92AB-2C6F92CB2B27}.Release|Win32.ActiveCfg = Release|Win32
		{492E3253-7F98-4F62-92AB-2C6F92CB2B27}.Release|Win32.Build.0 = Release|Win32
		{45777579-8F61-4869-ACC0-A990F625944F}.Debug|Win32.ActiveCfg = Debug|Win32
		{45777579-8F61-4869-ACC0-A990F625944F}.Debug|Win32.Build.0 = Debug|Win32
		{45777579-8F61-4869-ACC0-A990F625944F}.Release|Win32.ActiveCfg = Release|Win32
		{45777579-8F61-4869-ACC0-A990F625944F}.Release|Win32.Build.0 = Release|Win32
	EndGlobalSection
	GlobalSection(SolutionProperties) = preSolution
		HideSolutionNode = FALSE
	EndGlobalSection
EndGlobal
