
Microsoft Visual Studio Solution File, Format Version 12.00
# Visual Studio 14
VisualStudioVersion = 14.0.22823.1
MinimumVisualStudioVersion = 10.0.40219.1
Project("{8BC9CEB8-8B4A-11D0-8D11-00A0C91BC942}") = "sdlengine", "sdlengine.vcxproj", "{20A2FF29-5747-4D9F-AF36-8E18CED39727}"
	ProjectSection(ProjectDependencies) = postProject
		{1C57D21C-A571-421F-983F-B1CD9ED07F02} = {1C57D21C-A571-421F-983F-B1CD9ED07F02}
		{F3A9213D-D6AD-439E-9664-76D605571414} = {F3A9213D-D6AD-439E-9664-76D605571414}
		{45777579-8F61-4869-ACC0-A990F625944F} = {45777579-8F61-4869-ACC0-A990F625944F}
	EndProjectSection
EndProject
Project("{8BC9CEB8-8B4A-11D0-8D11-00A0C91BC942}") = "kernel", "engine\kernel.vcxproj", "{03FFCECD-38F1-48C3-BE2B-5CFC42C34A8F}"
EndProject
Project("{8BC9CEB8-8B4A-11D0-8D11-00A0C91BC942}") = "core", "engine\core.vcxproj", "{D4656B9A-CF28-4719-B307-BA4FD577293B}"
	ProjectSection(ProjectDependencies) = postProject
		{03FFCECD-38F1-48C3-BE2B-5CFC42C34A8F} = {03FFCECD-38F1-48C3-BE2B-5CFC42C34A8F}
	EndProjectSection
EndProject
Project("{8BC9CEB8-8B4A-11D0-8D11-00A0C91BC942}") = "engine", "engine\engine.vcxproj", "{C9BE37AF-362D-43A6-9151-72EE5390EAE4}"
	ProjectSection(ProjectDependencies) = postProject
		{D4656B9A-CF28-4719-B307-BA4FD577293B} = {D4656B9A-CF28-4719-B307-BA4FD577293B}
	EndProjectSection
EndProject
Project("{8BC9CEB8-8B4A-11D0-8D11-00A0C91BC942}") = "render", "engine\render.vcxproj", "{492E3253-7F98-4F62-92AB-2C6F92CB2B27}"
	ProjectSection(ProjectDependencies) = postProject
		{45777579-8F61-4869-ACC0-A990F625944F} = {45777579-8F61-4869-ACC0-A990F625944F}
		{D4656B9A-CF28-4719-B307-BA4FD577293B} = {D4656B9A-CF28-4719-B307-BA4FD577293B}
		{C9BE37AF-362D-43A6-9151-72EE5390EAE4} = {C9BE37AF-362D-43A6-9151-72EE5390EAE4}
		{03FFCECD-38F1-48C3-BE2B-5CFC42C34A8F} = {03FFCECD-38F1-48C3-BE2B-5CFC42C34A8F}
	EndProjectSection
EndProject
Project("{8BC9CEB8-8B4A-11D0-8D11-00A0C91BC942}") = "math", "engine\math.vcxproj", "{45777579-8F61-4869-ACC0-A990F625944F}"
EndProject
Project("{8BC9CEB8-8B4A-11D0-8D11-00A0C91BC942}") = "vox", "engine\vox.vcxproj", "{F3A9213D-D6AD-439E-9664-76D605571414}"
EndProject
Project("{8BC9CEB8-8B4A-11D0-8D11-00A0C91BC942}") = "sde", "engine\sde.vcxproj", "{1C57D21C-A571-421F-983F-B1CD9ED07F02}"
	ProjectSection(ProjectDependencies) = postProject
		{492E3253-7F98-4F62-92AB-2C6F92CB2B27} = {492E3253-7F98-4F62-92AB-2C6F92CB2B27}
		{C9BE37AF-362D-43A6-9151-72EE5390EAE4} = {C9BE37AF-362D-43A6-9151-72EE5390EAE4}
	EndProjectSection
EndProject
Project("{8BC9CEB8-8B4A-11D0-8D11-00A0C91BC942}") = "assets", "engine\asset.vcxproj", "{28F734D4-EAC2-48BA-816A-A71BD10866C6}"
EndProject
Project("{8BC9CEB8-8B4A-11D0-8D11-00A0C91BC942}") = "input", "engine\input.vcxproj", "{47C8EE95-DE35-4B19-BE63-F9959414EAEB}"
	ProjectSection(ProjectDependencies) = postProject
		{C9BE37AF-362D-43A6-9151-72EE5390EAE4} = {C9BE37AF-362D-43A6-9151-72EE5390EAE4}
	EndProjectSection
EndProject
Project("{8BC9CEB8-8B4A-11D0-8D11-00A0C91BC942}") = "debug_gui", "engine\debug_gui.vcxproj", "{66BEEA20-1158-4419-8F2E-94FB87B04FA5}"
EndProject
Global
	GlobalSection(SolutionConfigurationPlatforms) = preSolution
		Debug|Win32 = Debug|Win32
		Debug|x64 = Debug|x64
		Release|Win32 = Release|Win32
		Release|x64 = Release|x64
	EndGlobalSection
	GlobalSection(ProjectConfigurationPlatforms) = postSolution
		{20A2FF29-5747-4D9F-AF36-8E18CED39727}.Debug|Win32.ActiveCfg = Debug|Win32
		{20A2FF29-5747-4D9F-AF36-8E18CED39727}.Debug|Win32.Build.0 = Debug|Win32
		{20A2FF29-5747-4D9F-AF36-8E18CED39727}.Debug|x64.ActiveCfg = Debug|x64
		{20A2FF29-5747-4D9F-AF36-8E18CED39727}.Debug|x64.Build.0 = Debug|x64
		{20A2FF29-5747-4D9F-AF36-8E18CED39727}.Release|Win32.ActiveCfg = Release|Win32
		{20A2FF29-5747-4D9F-AF36-8E18CED39727}.Release|Win32.Build.0 = Release|Win32
		{20A2FF29-5747-4D9F-AF36-8E18CED39727}.Release|x64.ActiveCfg = Release|x64
		{20A2FF29-5747-4D9F-AF36-8E18CED39727}.Release|x64.Build.0 = Release|x64
		{03FFCECD-38F1-48C3-BE2B-5CFC42C34A8F}.Debug|Win32.ActiveCfg = Debug|Win32
		{03FFCECD-38F1-48C3-BE2B-5CFC42C34A8F}.Debug|Win32.Build.0 = Debug|Win32
		{03FFCECD-38F1-48C3-BE2B-5CFC42C34A8F}.Debug|x64.ActiveCfg = Debug|x64
		{03FFCECD-38F1-48C3-BE2B-5CFC42C34A8F}.Debug|x64.Build.0 = Debug|x64
		{03FFCECD-38F1-48C3-BE2B-5CFC42C34A8F}.Release|Win32.ActiveCfg = Release|Win32
		{03FFCECD-38F1-48C3-BE2B-5CFC42C34A8F}.Release|Win32.Build.0 = Release|Win32
		{03FFCECD-38F1-48C3-BE2B-5CFC42C34A8F}.Release|x64.ActiveCfg = Release|x64
		{03FFCECD-38F1-48C3-BE2B-5CFC42C34A8F}.Release|x64.Build.0 = Release|x64
		{D4656B9A-CF28-4719-B307-BA4FD577293B}.Debug|Win32.ActiveCfg = Debug|Win32
		{D4656B9A-CF28-4719-B307-BA4FD577293B}.Debug|Win32.Build.0 = Debug|Win32
		{D4656B9A-CF28-4719-B307-BA4FD577293B}.Debug|x64.ActiveCfg = Debug|x64
		{D4656B9A-CF28-4719-B307-BA4FD577293B}.Debug|x64.Build.0 = Debug|x64
		{D4656B9A-CF28-4719-B307-BA4FD577293B}.Release|Win32.ActiveCfg = Release|Win32
		{D4656B9A-CF28-4719-B307-BA4FD577293B}.Release|Win32.Build.0 = Release|Win32
		{D4656B9A-CF28-4719-B307-BA4FD577293B}.Release|x64.ActiveCfg = Release|x64
		{D4656B9A-CF28-4719-B307-BA4FD577293B}.Release|x64.Build.0 = Release|x64
		{C9BE37AF-362D-43A6-9151-72EE5390EAE4}.Debug|Win32.ActiveCfg = Debug|Win32
		{C9BE37AF-362D-43A6-9151-72EE5390EAE4}.Debug|Win32.Build.0 = Debug|Win32
		{C9BE37AF-362D-43A6-9151-72EE5390EAE4}.Debug|x64.ActiveCfg = Debug|x64
		{C9BE37AF-362D-43A6-9151-72EE5390EAE4}.Debug|x64.Build.0 = Debug|x64
		{C9BE37AF-362D-43A6-9151-72EE5390EAE4}.Release|Win32.ActiveCfg = Release|Win32
		{C9BE37AF-362D-43A6-9151-72EE5390EAE4}.Release|Win32.Build.0 = Release|Win32
		{C9BE37AF-362D-43A6-9151-72EE5390EAE4}.Release|x64.ActiveCfg = Release|x64
		{C9BE37AF-362D-43A6-9151-72EE5390EAE4}.Release|x64.Build.0 = Release|x64
		{492E3253-7F98-4F62-92AB-2C6F92CB2B27}.Debug|Win32.ActiveCfg = Debug|Win32
		{492E3253-7F98-4F62-92AB-2C6F92CB2B27}.Debug|Win32.Build.0 = Debug|Win32
		{492E3253-7F98-4F62-92AB-2C6F92CB2B27}.Debug|x64.ActiveCfg = Debug|x64
		{492E3253-7F98-4F62-92AB-2C6F92CB2B27}.Debug|x64.Build.0 = Debug|x64
		{492E3253-7F98-4F62-92AB-2C6F92CB2B27}.Release|Win32.ActiveCfg = Release|Win32
		{492E3253-7F98-4F62-92AB-2C6F92CB2B27}.Release|Win32.Build.0 = Release|Win32
		{492E3253-7F98-4F62-92AB-2C6F92CB2B27}.Release|x64.ActiveCfg = Release|x64
		{492E3253-7F98-4F62-92AB-2C6F92CB2B27}.Release|x64.Build.0 = Release|x64
		{45777579-8F61-4869-ACC0-A990F625944F}.Debug|Win32.ActiveCfg = Debug|Win32
		{45777579-8F61-4869-ACC0-A990F625944F}.Debug|Win32.Build.0 = Debug|Win32
		{45777579-8F61-4869-ACC0-A990F625944F}.Debug|x64.ActiveCfg = Debug|x64
		{45777579-8F61-4869-ACC0-A990F625944F}.Debug|x64.Build.0 = Debug|x64
		{45777579-8F61-4869-ACC0-A990F625944F}.Release|Win32.ActiveCfg = Release|Win32
		{45777579-8F61-4869-ACC0-A990F625944F}.Release|Win32.Build.0 = Release|Win32
		{45777579-8F61-4869-ACC0-A990F625944F}.Release|x64.ActiveCfg = Release|x64
		{45777579-8F61-4869-ACC0-A990F625944F}.Release|x64.Build.0 = Release|x64
		{F3A9213D-D6AD-439E-9664-76D605571414}.Debug|Win32.ActiveCfg = Debug|Win32
		{F3A9213D-D6AD-439E-9664-76D605571414}.Debug|Win32.Build.0 = Debug|Win32
		{F3A9213D-D6AD-439E-9664-76D605571414}.Debug|x64.ActiveCfg = Debug|x64
		{F3A9213D-D6AD-439E-9664-76D605571414}.Debug|x64.Build.0 = Debug|x64
		{F3A9213D-D6AD-439E-9664-76D605571414}.Release|Win32.ActiveCfg = Release|Win32
		{F3A9213D-D6AD-439E-9664-76D605571414}.Release|Win32.Build.0 = Release|Win32
		{F3A9213D-D6AD-439E-9664-76D605571414}.Release|x64.ActiveCfg = Release|x64
		{F3A9213D-D6AD-439E-9664-76D605571414}.Release|x64.Build.0 = Release|x64
		{1C57D21C-A571-421F-983F-B1CD9ED07F02}.Debug|Win32.ActiveCfg = Debug|Win32
		{1C57D21C-A571-421F-983F-B1CD9ED07F02}.Debug|Win32.Build.0 = Debug|Win32
		{1C57D21C-A571-421F-983F-B1CD9ED07F02}.Debug|x64.ActiveCfg = Debug|x64
		{1C57D21C-A571-421F-983F-B1CD9ED07F02}.Debug|x64.Build.0 = Debug|x64
		{1C57D21C-A571-421F-983F-B1CD9ED07F02}.Release|Win32.ActiveCfg = Release|Win32
		{1C57D21C-A571-421F-983F-B1CD9ED07F02}.Release|Win32.Build.0 = Release|Win32
		{1C57D21C-A571-421F-983F-B1CD9ED07F02}.Release|x64.ActiveCfg = Release|x64
		{1C57D21C-A571-421F-983F-B1CD9ED07F02}.Release|x64.Build.0 = Release|x64
		{28F734D4-EAC2-48BA-816A-A71BD10866C6}.Debug|Win32.ActiveCfg = Debug|Win32
		{28F734D4-EAC2-48BA-816A-A71BD10866C6}.Debug|Win32.Build.0 = Debug|Win32
		{28F734D4-EAC2-48BA-816A-A71BD10866C6}.Debug|x64.ActiveCfg = Debug|x64
		{28F734D4-EAC2-48BA-816A-A71BD10866C6}.Debug|x64.Build.0 = Debug|x64
		{28F734D4-EAC2-48BA-816A-A71BD10866C6}.Release|Win32.ActiveCfg = Release|Win32
		{28F734D4-EAC2-48BA-816A-A71BD10866C6}.Release|Win32.Build.0 = Release|Win32
		{28F734D4-EAC2-48BA-816A-A71BD10866C6}.Release|x64.ActiveCfg = Release|x64
		{28F734D4-EAC2-48BA-816A-A71BD10866C6}.Release|x64.Build.0 = Release|x64
		{47C8EE95-DE35-4B19-BE63-F9959414EAEB}.Debug|Win32.ActiveCfg = Debug|Win32
		{47C8EE95-DE35-4B19-BE63-F9959414EAEB}.Debug|Win32.Build.0 = Debug|Win32
		{47C8EE95-DE35-4B19-BE63-F9959414EAEB}.Debug|x64.ActiveCfg = Debug|x64
		{47C8EE95-DE35-4B19-BE63-F9959414EAEB}.Debug|x64.Build.0 = Debug|x64
		{47C8EE95-DE35-4B19-BE63-F9959414EAEB}.Release|Win32.ActiveCfg = Release|Win32
		{47C8EE95-DE35-4B19-BE63-F9959414EAEB}.Release|Win32.Build.0 = Release|Win32
		{47C8EE95-DE35-4B19-BE63-F9959414EAEB}.Release|x64.ActiveCfg = Release|x64
		{47C8EE95-DE35-4B19-BE63-F9959414EAEB}.Release|x64.Build.0 = Release|x64
		{66BEEA20-1158-4419-8F2E-94FB87B04FA5}.Debug|Win32.ActiveCfg = Debug|Win32
		{66BEEA20-1158-4419-8F2E-94FB87B04FA5}.Debug|Win32.Build.0 = Debug|Win32
		{66BEEA20-1158-4419-8F2E-94FB87B04FA5}.Debug|x64.ActiveCfg = Debug|x64
		{66BEEA20-1158-4419-8F2E-94FB87B04FA5}.Debug|x64.Build.0 = Debug|x64
		{66BEEA20-1158-4419-8F2E-94FB87B04FA5}.Release|Win32.ActiveCfg = Release|Win32
		{66BEEA20-1158-4419-8F2E-94FB87B04FA5}.Release|Win32.Build.0 = Release|Win32
		{66BEEA20-1158-4419-8F2E-94FB87B04FA5}.Release|x64.ActiveCfg = Release|x64
		{66BEEA20-1158-4419-8F2E-94FB87B04FA5}.Release|x64.Build.0 = Release|x64
	EndGlobalSection
	GlobalSection(SolutionProperties) = preSolution
		HideSolutionNode = FALSE
	EndGlobalSection
EndGlobal
