<?xml version="1.0" encoding="utf-8"?>
<Project ToolsVersion="4.0" xmlns="http://schemas.microsoft.com/developer/msbuild/2003">
  <ItemGroup>
    <Filter Include="public">
      <UniqueIdentifier>{1e3feef5-d42b-4dbf-a2f8-8810b52a8c6b}</UniqueIdentifier>
    </Filter>
    <Filter Include="private">
      <UniqueIdentifier>{fe26ef89-88af-449d-aed9-868ef52f1699}</UniqueIdentifier>
    </Filter>
  </ItemGroup>
  <ItemGroup>
    <ClInclude Include="public\core\event_listener.h">
      <Filter>public</Filter>
    </ClInclude>
    <ClInclude Include="public\core\system.h">
      <Filter>public</Filter>
    </ClInclude>
    <ClInclude Include="public\core\system_enumerator.h">
      <Filter>public</Filter>
    </ClInclude>
    <ClInclude Include="private\core\event_system.h">
      <Filter>private</Filter>
    </ClInclude>
    <ClInclude Include="public\core\system_registrar.h">
      <Filter>public</Filter>
    </ClInclude>
    <ClInclude Include="public\core\file_io.h">
      <Filter>public</Filter>
    </ClInclude>
    <ClInclude Include="public\core\system_manager.h">
      <Filter>public</Filter>
    </ClInclude>
    <ClInclude Include="public\core\asset.h">
      <Filter>public</Filter>
    </ClInclude>
    <ClInclude Include="public\core\shortname.h">
      <Filter>public</Filter>
    </ClInclude>
    <ClInclude Include="public\core\asset_factory.h">
      <Filter>public</Filter>
    </ClInclude>
    <ClInclude Include="public\core\asset_creator.h">
      <Filter>public</Filter>
    </ClInclude>
    <ClInclude Include="public\core\asset_serialiser.h">
      <Filter>public</Filter>
    </ClInclude>
    <ClInclude Include="public\core\asset_database.h">
      <Filter>public</Filter>
    </ClInclude>
    <ClInclude Include="public\core\timer.h">
      <Filter>public</Filter>
    </ClInclude>
  </ItemGroup>
  <ItemGroup>
    <ClCompile Include="private\core\system_manager.cpp">
      <Filter>private</Filter>
    </ClCompile>
    <ClCompile Include="private\core\event_system.cpp">
      <Filter>private</Filter>
    </ClCompile>
    <ClCompile Include="private\core\file_io.cpp">
      <Filter>private</Filter>
    </ClCompile>
    <ClCompile Include="private\core\asset.cpp">
      <Filter>private</Filter>
    </ClCompile>
    <ClCompile Include="private\core\asset_creator.cpp">
      <Filter>private</Filter>
    </ClCompile>
    <ClCompile Include="private\core\asset_serialiser.cpp">
      <Filter>private</Filter>
    </ClCompile>
    <ClCompile Include="private\core\asset_database.cpp">
      <Filter>private</Filter>
    </ClCompile>
    <ClCompile Include="private\core\timer.cpp">
      <Filter>private</Filter>
    </ClCompile>
  </ItemGroup>
  <ItemGroup>
    <None Include="public\core\shortname.inl">
      <Filter>public</Filter>
    </None>
  </ItemGroup>
</Project>