<?xml version="1.0" encoding="utf-8"?>
<Project ToolsVersion="4.0" xmlns="http://schemas.microsoft.com/developer/msbuild/2003">
  <ItemGroup>
    <Filter Include="private">
      <UniqueIdentifier>{730d777d-a0d6-4bf3-b18d-722d1ee7a7d0}</UniqueIdentifier>
    </Filter>
    <Filter Include="public">
      <UniqueIdentifier>{3c7780f0-07f3-454b-9465-3f337456a798}</UniqueIdentifier>
    </Filter>
  </ItemGroup>
  <ItemGroup>
    <ClInclude Include="public\engine\engine_startup.h">
      <Filter>public</Filter>
    </ClInclude>
    <ClInclude Include="private\engine\event_system.h">
      <Filter>private</Filter>
    </ClInclude>
  </ItemGroup>
  <ItemGroup>
    <ClCompile Include="private\engine\engine_startup.cpp">
      <Filter>private</Filter>
    </ClCompile>
    <ClCompile Include="private\engine\event_system.cpp">
      <Filter>private</Filter>
    </ClCompile>
  </ItemGroup>
</Project>