<?xml version="1.0" encoding="utf-8"?>
<Project ToolsVersion="4.0" xmlns="http://schemas.microsoft.com/developer/msbuild/2003">
  <ItemGroup>
    <ClInclude Include="public\input\controller_state.h">
      <Filter>public</Filter>
    </ClInclude>
    <ClInclude Include="public\input\input_system.h">
      <Filter>public</Filter>
    </ClInclude>
  </ItemGroup>
  <ItemGroup>
    <Filter Include="public">
      <UniqueIdentifier>{c23c5bb7-93f3-43aa-918e-06e29ed308af}</UniqueIdentifier>
    </Filter>
    <Filter Include="private">
      <UniqueIdentifier>{b29a4c2a-ea53-4a3b-b2ad-a3a85fcb3e03}</UniqueIdentifier>
    </Filter>
  </ItemGroup>
  <ItemGroup>
    <ClCompile Include="private\input\input_system.cpp">
      <Filter>private</Filter>
    </ClCompile>
  </ItemGroup>
</Project>