<?xml version="1.0" encoding="utf-8"?>
<Project ToolsVersion="4.0" xmlns="http://schemas.microsoft.com/developer/msbuild/2003">
  <ItemGroup>
    <Filter Include="private">
      <UniqueIdentifier>{68b598ab-42ce-4fc9-ae20-bca8e0ff1541}</UniqueIdentifier>
    </Filter>
    <Filter Include="public">
      <UniqueIdentifier>{fca706fe-c26a-4bef-9a22-1cdda48a122d}</UniqueIdentifier>
    </Filter>
  </ItemGroup>
</Project>