<?xml version="1.0" encoding="utf-8"?>
<Project ToolsVersion="4.0" xmlns="http://schemas.microsoft.com/developer/msbuild/2003">
  <ItemGroup>
    <Filter Include="private">
      <UniqueIdentifier>{13fed39c-86aa-4bf4-81ee-28fbad17a16d}</UniqueIdentifier>
    </Filter>
    <Filter Include="public">
      <UniqueIdentifier>{b673c1e1-f67f-4084-a806-cc6c14d9ac1d}</UniqueIdentifier>
    </Filter>
  </ItemGroup>
  <ItemGroup>
    <ClInclude Include="public\render\texture.h">
      <Filter>public</Filter>
    </ClInclude>
    <ClInclude Include="public\render\texture_cache.h">
      <Filter>public</Filter>
    </ClInclude>
    <ClInclude Include="public\render\window.h">
      <Filter>public</Filter>
    </ClInclude>
    <ClInclude Include="public\render\device.h">
      <Filter>public</Filter>
    </ClInclude>
    <ClInclude Include="private\render\utils.h">
      <Filter>private</Filter>
    </ClInclude>
  </ItemGroup>
  <ItemGroup>
    <ClCompile Include="private\render\texture_cache.cpp">
      <Filter>private</Filter>
    </ClCompile>
    <ClCompile Include="private\render\window.cpp">
      <Filter>private</Filter>
    </ClCompile>
    <ClCompile Include="private\render\device.cpp">
      <Filter>private</Filter>
    </ClCompile>
    <ClCompile Include="private\render\texture.cpp">
      <Filter>private</Filter>
    </ClCompile>
  </ItemGroup>
</Project>