<?xml version="1.0" encoding="utf-8"?>
<Project ToolsVersion="4.0" xmlns="http://schemas.microsoft.com/developer/msbuild/2003">
  <ItemGroup>
    <Filter Include="public">
      <UniqueIdentifier>{60b51ae0-ed1c-4b39-86ab-b50cd1fa0fdd}</UniqueIdentifier>
    </Filter>
    <Filter Include="private">
      <UniqueIdentifier>{b49c4698-10f2-4a5a-beea-7ffc178554c8}</UniqueIdentifier>
    </Filter>
  </ItemGroup>
  <ItemGroup>
    <ClInclude Include="public\vox\clump.h">
      <Filter>public</Filter>
    </ClInclude>
    <ClInclude Include="public\vox\block.h">
      <Filter>public</Filter>
    </ClInclude>
    <ClInclude Include="public\vox\paged_blocks.h">
      <Filter>public</Filter>
    </ClInclude>
    <ClInclude Include="public\vox\model.h">
      <Filter>public</Filter>
    </ClInclude>
  </ItemGroup>
  <ItemGroup>
    <None Include="public\vox\block.inl">
      <Filter>public</Filter>
    </None>
    <None Include="public\vox\paged_blocks.inl">
      <Filter>public</Filter>
    </None>
    <None Include="public\vox\model.inl">
      <Filter>public</Filter>
    </None>
  </ItemGroup>
</Project>